// !$*UTF8*$!
{
	archiveVersion = 1;
	classes = {
	};
	objectVersion = 55;
	objects = {

/* Begin PBXBuildFile section */
		A6974E1A293BA60700A674AA /* AppDelegate.swift in Sources */ = {isa = PBXBuildFile; fileRef = A6974E19293BA60700A674AA /* AppDelegate.swift */; };
		A6974E1C293BA60700A674AA /* SceneDelegate.swift in Sources */ = {isa = PBXBuildFile; fileRef = A6974E1B293BA60700A674AA /* SceneDelegate.swift */; };
		A6974E1E293BA60700A674AA /* ConversationsViewController.swift in Sources */ = {isa = PBXBuildFile; fileRef = A6974E1D293BA60700A674AA /* ConversationsViewController.swift */; };
		A6974E21293BA60700A674AA /* Main.storyboard in Resources */ = {isa = PBXBuildFile; fileRef = A6974E1F293BA60700A674AA /* Main.storyboard */; };
		A6974E23293BA60700A674AA /* Assets.xcassets in Resources */ = {isa = PBXBuildFile; fileRef = A6974E22293BA60700A674AA /* Assets.xcassets */; };
		A6974E26293BA60700A674AA /* LaunchScreen.storyboard in Resources */ = {isa = PBXBuildFile; fileRef = A6974E24293BA60700A674AA /* LaunchScreen.storyboard */; };
		A6974E34293BA91D00A674AA /* LoginViewController.swift in Sources */ = {isa = PBXBuildFile; fileRef = A6974E33293BA91D00A674AA /* LoginViewController.swift */; };
		A6974E36293BA92400A674AA /* RegisterViewController.swift in Sources */ = {isa = PBXBuildFile; fileRef = A6974E35293BA92400A674AA /* RegisterViewController.swift */; };
		A6974E38293BA93000A674AA /* PhotoViewerViewController.swift in Sources */ = {isa = PBXBuildFile; fileRef = A6974E37293BA93000A674AA /* PhotoViewerViewController.swift */; };
		A6974E3A293BA93A00A674AA /* VideoPlayerViewController.swift in Sources */ = {isa = PBXBuildFile; fileRef = A6974E39293BA93A00A674AA /* VideoPlayerViewController.swift */; };
		A6974E3C293BA94700A674AA /* NewConversationViewController.swift in Sources */ = {isa = PBXBuildFile; fileRef = A6974E3B293BA94700A674AA /* NewConversationViewController.swift */; };
		A6974E3E293BA95700A674AA /* ProfileViewController.swift in Sources */ = {isa = PBXBuildFile; fileRef = A6974E3D293BA95700A674AA /* ProfileViewController.swift */; };
		A6974E41293BAC7800A674AA /* Extensions.swift in Sources */ = {isa = PBXBuildFile; fileRef = A6974E40293BAC7800A674AA /* Extensions.swift */; };
/* End PBXBuildFile section */

/* Begin PBXFileReference section */
		A6974E16293BA60700A674AA /* Messenger.app */ = {isa = PBXFileReference; explicitFileType = wrapper.application; includeInIndex = 0; path = Messenger.app; sourceTree = BUILT_PRODUCTS_DIR; };
		A6974E19293BA60700A674AA /* AppDelegate.swift */ = {isa = PBXFileReference; lastKnownFileType = sourcecode.swift; path = AppDelegate.swift; sourceTree = "<group>"; };
		A6974E1B293BA60700A674AA /* SceneDelegate.swift */ = {isa = PBXFileReference; lastKnownFileType = sourcecode.swift; path = SceneDelegate.swift; sourceTree = "<group>"; };
		A6974E1D293BA60700A674AA /* ConversationsViewController.swift */ = {isa = PBXFileReference; lastKnownFileType = sourcecode.swift; path = ConversationsViewController.swift; sourceTree = "<group>"; };
		A6974E20293BA60700A674AA /* Base */ = {isa = PBXFileReference; lastKnownFileType = file.storyboard; name = Base; path = Base.lproj/Main.storyboard; sourceTree = "<group>"; };
		A6974E22293BA60700A674AA /* Assets.xcassets */ = {isa = PBXFileReference; lastKnownFileType = folder.assetcatalog; path = Assets.xcassets; sourceTree = "<group>"; };
		A6974E25293BA60700A674AA /* Base */ = {isa = PBXFileReference; lastKnownFileType = file.storyboard; name = Base; path = Base.lproj/LaunchScreen.storyboard; sourceTree = "<group>"; };
		A6974E27293BA60700A674AA /* Info.plist */ = {isa = PBXFileReference; lastKnownFileType = text.plist.xml; path = Info.plist; sourceTree = "<group>"; };
		A6974E33293BA91D00A674AA /* LoginViewController.swift */ = {isa = PBXFileReference; lastKnownFileType = sourcecode.swift; path = LoginViewController.swift; sourceTree = "<group>"; };
		A6974E35293BA92400A674AA /* RegisterViewController.swift */ = {isa = PBXFileReference; lastKnownFileType = sourcecode.swift; path = RegisterViewController.swift; sourceTree = "<group>"; };
		A6974E37293BA93000A674AA /* PhotoViewerViewController.swift */ = {isa = PBXFileReference; lastKnownFileType = sourcecode.swift; path = PhotoViewerViewController.swift; sourceTree = "<group>"; };
		A6974E39293BA93A00A674AA /* VideoPlayerViewController.swift */ = {isa = PBXFileReference; lastKnownFileType = sourcecode.swift; path = VideoPlayerViewController.swift; sourceTree = "<group>"; };
		A6974E3B293BA94700A674AA /* NewConversationViewController.swift */ = {isa = PBXFileReference; lastKnownFileType = sourcecode.swift; path = NewConversationViewController.swift; sourceTree = "<group>"; };
		A6974E3D293BA95700A674AA /* ProfileViewController.swift */ = {isa = PBXFileReference; lastKnownFileType = sourcecode.swift; path = ProfileViewController.swift; sourceTree = "<group>"; };
		A6974E40293BAC7800A674AA /* Extensions.swift */ = {isa = PBXFileReference; lastKnownFileType = sourcecode.swift; path = Extensions.swift; sourceTree = "<group>"; };
/* End PBXFileReference section */

/* Begin PBXFrameworksBuildPhase section */
		A6974E13293BA60700A674AA /* Frameworks */ = {
			isa = PBXFrameworksBuildPhase;
			buildActionMask = 2147483647;
			files = (
			);
			runOnlyForDeploymentPostprocessing = 0;
		};
/* End PBXFrameworksBuildPhase section */

/* Begin PBXGroup section */
		A6974E0D293BA60700A674AA = {
			isa = PBXGroup;
			children = (
				A6974E18293BA60700A674AA /* Messenger */,
				A6974E17293BA60700A674AA /* Products */,
			);
			sourceTree = "<group>";
		};
		A6974E17293BA60700A674AA /* Products */ = {
			isa = PBXGroup;
			children = (
				A6974E16293BA60700A674AA /* Messenger.app */,
			);
			name = Products;
			sourceTree = "<group>";
		};
		A6974E18293BA60700A674AA /* Messenger */ = {
			isa = PBXGroup;
			children = (
				A6974E31293BA80500A674AA /* Resources */,
				A6974E30293BA7FC00A674AA /* ViewModels */,
				A6974E2F293BA7F700A674AA /* Models */,
				A6974E2D293BA7E800A674AA /* Views */,
				A6974E2E293BA7EF00A674AA /* Controllers */,
				A6974E27293BA60700A674AA /* Info.plist */,
			);
			path = Messenger;
			sourceTree = "<group>";
		};
		A6974E2D293BA7E800A674AA /* Views */ = {
			isa = PBXGroup;
			children = (
				A6974E32293BA82400A674AA /* Storyboards */,
				A6974E22293BA60700A674AA /* Assets.xcassets */,
			);
			path = Views;
			sourceTree = "<group>";
		};
		A6974E2E293BA7EF00A674AA /* Controllers */ = {
			isa = PBXGroup;
			children = (
				A6974E3F293BA9E000A674AA /* Login */,
				A6974E1D293BA60700A674AA /* ConversationsViewController.swift */,
				A6974E37293BA93000A674AA /* PhotoViewerViewController.swift */,
				A6974E39293BA93A00A674AA /* VideoPlayerViewController.swift */,
				A6974E3B293BA94700A674AA /* NewConversationViewController.swift */,
				A6974E3D293BA95700A674AA /* ProfileViewController.swift */,
			);
			path = Controllers;
			sourceTree = "<group>";
		};
		A6974E2F293BA7F700A674AA /* Models */ = {
			isa = PBXGroup;
			children = (
			);
			path = Models;
			sourceTree = "<group>";
		};
		A6974E30293BA7FC00A674AA /* ViewModels */ = {
			isa = PBXGroup;
			children = (
			);
			path = ViewModels;
			sourceTree = "<group>";
		};
		A6974E31293BA80500A674AA /* Resources */ = {
			isa = PBXGroup;
			children = (
				A6974E19293BA60700A674AA /* AppDelegate.swift */,
				A6974E1B293BA60700A674AA /* SceneDelegate.swift */,
				A6974E40293BAC7800A674AA /* Extensions.swift */,
			);
			path = Resources;
			sourceTree = "<group>";
		};
		A6974E32293BA82400A674AA /* Storyboards */ = {
			isa = PBXGroup;
			children = (
				A6974E1F293BA60700A674AA /* Main.storyboard */,
				A6974E24293BA60700A674AA /* LaunchScreen.storyboard */,
			);
			path = Storyboards;
			sourceTree = "<group>";
		};
		A6974E3F293BA9E000A674AA /* Login */ = {
			isa = PBXGroup;
			children = (
				A6974E33293BA91D00A674AA /* LoginViewController.swift */,
				A6974E35293BA92400A674AA /* RegisterViewController.swift */,
			);
			path = Login;
			sourceTree = "<group>";
		};
/* End PBXGroup section */

/* Begin PBXNativeTarget section */
		A6974E15293BA60700A674AA /* Messenger */ = {
			isa = PBXNativeTarget;
			buildConfigurationList = A6974E2A293BA60700A674AA /* Build configuration list for PBXNativeTarget "Messenger" */;
			buildPhases = (
				A6974E12293BA60700A674AA /* Sources */,
				A6974E13293BA60700A674AA /* Frameworks */,
				A6974E14293BA60700A674AA /* Resources */,
			);
			buildRules = (
			);
			dependencies = (
			);
			name = Messenger;
			productName = Messenger;
			productReference = A6974E16293BA60700A674AA /* Messenger.app */;
			productType = "com.apple.product-type.application";
		};
/* End PBXNativeTarget section */

/* Begin PBXProject section */
		A6974E0E293BA60700A674AA /* Project object */ = {
			isa = PBXProject;
			attributes = {
				BuildIndependentTargetsInParallel = 1;
				LastSwiftUpdateCheck = 1410;
				LastUpgradeCheck = 1410;
				TargetAttributes = {
					A6974E15293BA60700A674AA = {
						CreatedOnToolsVersion = 14.1;
					};
				};
			};
			buildConfigurationList = A6974E11293BA60700A674AA /* Build configuration list for PBXProject "Messenger" */;
			compatibilityVersion = "Xcode 13.0";
			developmentRegion = en;
			hasScannedForEncodings = 0;
			knownRegions = (
				en,
				Base,
			);
			mainGroup = A6974E0D293BA60700A674AA;
			productRefGroup = A6974E17293BA60700A674AA /* Products */;
			projectDirPath = "";
			projectRoot = "";
			targets = (
				A6974E15293BA60700A674AA /* Messenger */,
			);
		};
/* End PBXProject section */

/* Begin PBXResourcesBuildPhase section */
		A6974E14293BA60700A674AA /* Resources */ = {
			isa = PBXResourcesBuildPhase;
			buildActionMask = 2147483647;
			files = (
				A6974E26293BA60700A674AA /* LaunchScreen.storyboard in Resources */,
				A6974E23293BA60700A674AA /* Assets.xcassets in Resources */,
				A6974E21293BA60700A674AA /* Main.storyboard in Resources */,
			);
			runOnlyForDeploymentPostprocessing = 0;
		};
/* End PBXResourcesBuildPhase section */

/* Begin PBXSourcesBuildPhase section */
		A6974E12293BA60700A674AA /* Sources */ = {
			isa = PBXSourcesBuildPhase;
			buildActionMask = 2147483647;
			files = (
				A6974E34293BA91D00A674AA /* LoginViewController.swift in Sources */,
				A6974E36293BA92400A674AA /* RegisterViewController.swift in Sources */,
				A6974E3C293BA94700A674AA /* NewConversationViewController.swift in Sources */,
				A6974E1E293BA60700A674AA /* ConversationsViewController.swift in Sources */,
				A6974E3A293BA93A00A674AA /* VideoPlayerViewController.swift in Sources */,
				A6974E41293BAC7800A674AA /* Extensions.swift in Sources */,
				A6974E1A293BA60700A674AA /* AppDelegate.swift in Sources */,
				A6974E3E293BA95700A674AA /* ProfileViewController.swift in Sources */,
				A6974E1C293BA60700A674AA /* SceneDelegate.swift in Sources */,
				A6974E38293BA93000A674AA /* PhotoViewerViewController.swift in Sources */,
			);
			runOnlyForDeploymentPostprocessing = 0;
		};
/* End PBXSourcesBuildPhase section */

/* Begin PBXVariantGroup section */
		A6974E1F293BA60700A674AA /* Main.storyboard */ = {
			isa = PBXVariantGroup;
			children = (
				A6974E20293BA60700A674AA /* Base */,
			);
			name = Main.storyboard;
			sourceTree = "<group>";
		};
		A6974E24293BA60700A674AA /* LaunchScreen.storyboard */ = {
			isa = PBXVariantGroup;
			children = (
				A6974E25293BA60700A674AA /* Base */,
			);
			name = LaunchScreen.storyboard;
			sourceTree = "<group>";
		};
/* End PBXVariantGroup section */

/* Begin XCBuildConfiguration section */
		A6974E28293BA60700A674AA /* Debug */ = {
			isa = XCBuildConfiguration;
			buildSettings = {
				ALWAYS_SEARCH_USER_PATHS = NO;
				CLANG_ANALYZER_NONNULL = YES;
				CLANG_ANALYZER_NUMBER_OBJECT_CONVERSION = YES_AGGRESSIVE;
				CLANG_CXX_LANGUAGE_STANDARD = "gnu++20";
				CLANG_ENABLE_MODULES = YES;
				CLANG_ENABLE_OBJC_ARC = YES;
				CLANG_ENABLE_OBJC_WEAK = YES;
				CLANG_WARN_BLOCK_CAPTURE_AUTORELEASING = YES;
				CLANG_WARN_BOOL_CONVERSION = YES;
				CLANG_WARN_COMMA = YES;
				CLANG_WARN_CONSTANT_CONVERSION = YES;
				CLANG_WARN_DEPRECATED_OBJC_IMPLEMENTATIONS = YES;
				CLANG_WARN_DIRECT_OBJC_ISA_USAGE = YES_ERROR;
				CLANG_WARN_DOCUMENTATION_COMMENTS = YES;
				CLANG_WARN_EMPTY_BODY = YES;
				CLANG_WARN_ENUM_CONVERSION = YES;
				CLANG_WARN_INFINITE_RECURSION = YES;
				CLANG_WARN_INT_CONVERSION = YES;
				CLANG_WARN_NON_LITERAL_NULL_CONVERSION = YES;
				CLANG_WARN_OBJC_IMPLICIT_RETAIN_SELF = YES;
				CLANG_WARN_OBJC_LITERAL_CONVERSION = YES;
				CLANG_WARN_OBJC_ROOT_CLASS = YES_ERROR;
				CLANG_WARN_QUOTED_INCLUDE_IN_FRAMEWORK_HEADER = YES;
				CLANG_WARN_RANGE_LOOP_ANALYSIS = YES;
				CLANG_WARN_STRICT_PROTOTYPES = YES;
				CLANG_WARN_SUSPICIOUS_MOVE = YES;
				CLANG_WARN_UNGUARDED_AVAILABILITY = YES_AGGRESSIVE;
				CLANG_WARN_UNREACHABLE_CODE = YES;
				CLANG_WARN__DUPLICATE_METHOD_MATCH = YES;
				COPY_PHASE_STRIP = NO;
				DEBUG_INFORMATION_FORMAT = dwarf;
				ENABLE_STRICT_OBJC_MSGSEND = YES;
				ENABLE_TESTABILITY = YES;
				GCC_C_LANGUAGE_STANDARD = gnu11;
				GCC_DYNAMIC_NO_PIC = NO;
				GCC_NO_COMMON_BLOCKS = YES;
				GCC_OPTIMIZATION_LEVEL = 0;
				GCC_PREPROCESSOR_DEFINITIONS = (
					"DEBUG=1",
					"$(inherited)",
				);
				GCC_WARN_64_TO_32_BIT_CONVERSION = YES;
				GCC_WARN_ABOUT_RETURN_TYPE = YES_ERROR;
				GCC_WARN_UNDECLARED_SELECTOR = YES;
				GCC_WARN_UNINITIALIZED_AUTOS = YES_AGGRESSIVE;
				GCC_WARN_UNUSED_FUNCTION = YES;
				GCC_WARN_UNUSED_VARIABLE = YES;
				IPHONEOS_DEPLOYMENT_TARGET = 16.1;
				MTL_ENABLE_DEBUG_INFO = INCLUDE_SOURCE;
				MTL_FAST_MATH = YES;
				ONLY_ACTIVE_ARCH = YES;
				SDKROOT = iphoneos;
				SWIFT_ACTIVE_COMPILATION_CONDITIONS = DEBUG;
				SWIFT_OPTIMIZATION_LEVEL = "-Onone";
			};
			name = Debug;
		};
		A6974E29293BA60700A674AA /* Release */ = {
			isa = XCBuildConfiguration;
			buildSettings = {
				ALWAYS_SEARCH_USER_PATHS = NO;
				CLANG_ANALYZER_NONNULL = YES;
				CLANG_ANALYZER_NUMBER_OBJECT_CONVERSION = YES_AGGRESSIVE;
				CLANG_CXX_LANGUAGE_STANDARD = "gnu++20";
				CLANG_ENABLE_MODULES = YES;
				CLANG_ENABLE_OBJC_ARC = YES;
				CLANG_ENABLE_OBJC_WEAK = YES;
				CLANG_WARN_BLOCK_CAPTURE_AUTORELEASING = YES;
				CLANG_WARN_BOOL_CONVERSION = YES;
				CLANG_WARN_COMMA = YES;
				CLANG_WARN_CONSTANT_CONVERSION = YES;
				CLANG_WARN_DEPRECATED_OBJC_IMPLEMENTATIONS = YES;
				CLANG_WARN_DIRECT_OBJC_ISA_USAGE = YES_ERROR;
				CLANG_WARN_DOCUMENTATION_COMMENTS = YES;
				CLANG_WARN_EMPTY_BODY = YES;
				CLANG_WARN_ENUM_CONVERSION = YES;
				CLANG_WARN_INFINITE_RECURSION = YES;
				CLANG_WARN_INT_CONVERSION = YES;
				CLANG_WARN_NON_LITERAL_NULL_CONVERSION = YES;
				CLANG_WARN_OBJC_IMPLICIT_RETAIN_SELF = YES;
				CLANG_WARN_OBJC_LITERAL_CONVERSION = YES;
				CLANG_WARN_OBJC_ROOT_CLASS = YES_ERROR;
				CLANG_WARN_QUOTED_INCLUDE_IN_FRAMEWORK_HEADER = YES;
				CLANG_WARN_RANGE_LOOP_ANALYSIS = YES;
				CLANG_WARN_STRICT_PROTOTYPES = YES;
				CLANG_WARN_SUSPICIOUS_MOVE = YES;
				CLANG_WARN_UNGUARDED_AVAILABILITY = YES_AGGRESSIVE;
				CLANG_WARN_UNREACHABLE_CODE = YES;
				CLANG_WARN__DUPLICATE_METHOD_MATCH = YES;
				COPY_PHASE_STRIP = NO;
				DEBUG_INFORMATION_FORMAT = "dwarf-with-dsym";
				ENABLE_NS_ASSERTIONS = NO;
				ENABLE_STRICT_OBJC_MSGSEND = YES;
				GCC_C_LANGUAGE_STANDARD = gnu11;
				GCC_NO_COMMON_BLOCKS = YES;
				GCC_WARN_64_TO_32_BIT_CONVERSION = YES;
				GCC_WARN_ABOUT_RETURN_TYPE = YES_ERROR;
				GCC_WARN_UNDECLARED_SELECTOR = YES;
				GCC_WARN_UNINITIALIZED_AUTOS = YES_AGGRESSIVE;
				GCC_WARN_UNUSED_FUNCTION = YES;
				GCC_WARN_UNUSED_VARIABLE = YES;
				IPHONEOS_DEPLOYMENT_TARGET = 16.1;
				MTL_ENABLE_DEBUG_INFO = NO;
				MTL_FAST_MATH = YES;
				SDKROOT = iphoneos;
				SWIFT_COMPILATION_MODE = wholemodule;
				SWIFT_OPTIMIZATION_LEVEL = "-O";
				VALIDATE_PRODUCT = YES;
			};
			name = Release;
		};
		A6974E2B293BA60700A674AA /* Debug */ = {
			isa = XCBuildConfiguration;
			buildSettings = {
				ASSETCATALOG_COMPILER_APPICON_NAME = AppIcon;
				ASSETCATALOG_COMPILER_GLOBAL_ACCENT_COLOR_NAME = AccentColor;
				CODE_SIGN_STYLE = Automatic;
				CURRENT_PROJECT_VERSION = 1;
				DEVELOPMENT_TEAM = X3RLZK92Q3;
				GENERATE_INFOPLIST_FILE = YES;
				INFOPLIST_FILE = Messenger/Info.plist;
				INFOPLIST_KEY_UIApplicationSupportsIndirectInputEvents = YES;
				INFOPLIST_KEY_UILaunchStoryboardName = LaunchScreen;
				INFOPLIST_KEY_UIMainStoryboardFile = Main;
				INFOPLIST_KEY_UISupportedInterfaceOrientations = UIInterfaceOrientationPortrait;
				INFOPLIST_KEY_UISupportedInterfaceOrientations_iPad = "UIInterfaceOrientationLandscapeLeft UIInterfaceOrientationLandscapeRight UIInterfaceOrientationPortrait UIInterfaceOrientationPortraitUpsideDown";
				IPHONEOS_DEPLOYMENT_TARGET = 13.0;
				LD_RUNPATH_SEARCH_PATHS = (
					"$(inherited)",
					"@executable_path/Frameworks",
				);
				MARKETING_VERSION = 1.0;
				PRODUCT_BUNDLE_IDENTIFIER = com.maxkuznetsov.Messenger;
				PRODUCT_NAME = "$(TARGET_NAME)";
				SWIFT_EMIT_LOC_STRINGS = YES;
				SWIFT_VERSION = 5.0;
				TARGETED_DEVICE_FAMILY = "1,2";
			};
			name = Debug;
		};
		A6974E2C293BA60700A674AA /* Release */ = {
			isa = XCBuildConfiguration;
			buildSettings = {
				ASSETCATALOG_COMPILER_APPICON_NAME = AppIcon;
				ASSETCATALOG_COMPILER_GLOBAL_ACCENT_COLOR_NAME = AccentColor;
				CODE_SIGN_STYLE = Automatic;
				CURRENT_PROJECT_VERSION = 1;
				DEVELOPMENT_TEAM = X3RLZK92Q3;
				GENERATE_INFOPLIST_FILE = YES;
				INFOPLIST_FILE = Messenger/Info.plist;
				INFOPLIST_KEY_UIApplicationSupportsIndirectInputEvents = YES;
				INFOPLIST_KEY_UILaunchStoryboardName = LaunchScreen;
				INFOPLIST_KEY_UIMainStoryboardFile = Main;
				INFOPLIST_KEY_UISupportedInterfaceOrientations = UIInterfaceOrientationPortrait;
				INFOPLIST_KEY_UISupportedInterfaceOrientations_iPad = "UIInterfaceOrientationLandscapeLeft UIInterfaceOrientationLandscapeRight UIInterfaceOrientationPortrait UIInterfaceOrientationPortraitUpsideDown";
				IPHONEOS_DEPLOYMENT_TARGET = 13.0;
				LD_RUNPATH_SEARCH_PATHS = (
					"$(inherited)",
					"@executable_path/Frameworks",
				);
				MARKETING_VERSION = 1.0;
				PRODUCT_BUNDLE_IDENTIFIER = com.maxkuznetsov.Messenger;
				PRODUCT_NAME = "$(TARGET_NAME)";
				SWIFT_EMIT_LOC_STRINGS = YES;
				SWIFT_VERSION = 5.0;
				TARGETED_DEVICE_FAMILY = "1,2";
			};
			name = Release;
		};
/* End XCBuildConfiguration section */

/* Begin XCConfigurationList section */
		A6974E11293BA60700A674AA /* Build configuration list for PBXProject "Messenger" */ = {
			isa = XCConfigurationList;
			buildConfigurations = (
				A6974E28293BA60700A674AA /* Debug */,
				A6974E29293BA60700A674AA /* Release */,
			);
			defaultConfigurationIsVisible = 0;
			defaultConfigurationName = Release;
		};
		A6974E2A293BA60700A674AA /* Build configuration list for PBXNativeTarget "Messenger" */ = {
			isa = XCConfigurationList;
			buildConfigurations = (
				A6974E2B293BA60700A674AA /* Debug */,
				A6974E2C293BA60700A674AA /* Release */,
			);
			defaultConfigurationIsVisible = 0;
			defaultConfigurationName = Release;
		};
/* End XCConfigurationList section */
	};
	rootObject = A6974E0E293BA60700A674AA /* Project object */;
}
